// !$*UTF8*$!
{
	archiveVersion = 1;
	classes = {
	};
	objectVersion = 56;
	objects = {

/* Begin PBXBuildFile section */
		F80EC5192910FFA4007E9437 /* AppDelegate.swift in Sources */ = {isa = PBXBuildFile; fileRef = F80EC5182910FFA4007E9437 /* AppDelegate.swift */; };
		F80EC51B2910FFA4007E9437 /* SceneDelegate.swift in Sources */ = {isa = PBXBuildFile; fileRef = F80EC51A2910FFA4007E9437 /* SceneDelegate.swift */; };
		F80EC51D2910FFA4007E9437 /* LoginViewController.swift in Sources */ = {isa = PBXBuildFile; fileRef = F80EC51C2910FFA4007E9437 /* LoginViewController.swift */; };
		F80EC5202910FFA4007E9437 /* Main.storyboard in Resources */ = {isa = PBXBuildFile; fileRef = F80EC51E2910FFA4007E9437 /* Main.storyboard */; };
		F80EC5222910FFA8007E9437 /* Assets.xcassets in Resources */ = {isa = PBXBuildFile; fileRef = F80EC5212910FFA8007E9437 /* Assets.xcassets */; };
		F80EC5252910FFA8007E9437 /* LaunchScreen.storyboard in Resources */ = {isa = PBXBuildFile; fileRef = F80EC5232910FFA8007E9437 /* LaunchScreen.storyboard */; };
		F82272CB2911B5F3003EEB1B /* UIViewController+Extension.swift in Sources */ = {isa = PBXBuildFile; fileRef = F82272CA2911B5F3003EEB1B /* UIViewController+Extension.swift */; };
		F82272CD2911B6F9003EEB1B /* UITextField+Extension.swift in Sources */ = {isa = PBXBuildFile; fileRef = F82272CC2911B6F9003EEB1B /* UITextField+Extension.swift */; };
		F82272D02911B8CC003EEB1B /* Verification.swift in Sources */ = {isa = PBXBuildFile; fileRef = F82272CF2911B8CC003EEB1B /* Verification.swift */; };
		F82272D42911CB0E003EEB1B /* FriendsTableViewController.swift in Sources */ = {isa = PBXBuildFile; fileRef = F82272D32911CB0E003EEB1B /* FriendsTableViewController.swift */; };
/* End PBXBuildFile section */

/* Begin PBXFileReference section */
		F80EC5152910FFA4007E9437 /* VKSample.app */ = {isa = PBXFileReference; explicitFileType = wrapper.application; includeInIndex = 0; path = VKSample.app; sourceTree = BUILT_PRODUCTS_DIR; };
		F80EC5182910FFA4007E9437 /* AppDelegate.swift */ = {isa = PBXFileReference; lastKnownFileType = sourcecode.swift; path = AppDelegate.swift; sourceTree = "<group>"; };
		F80EC51A2910FFA4007E9437 /* SceneDelegate.swift */ = {isa = PBXFileReference; lastKnownFileType = sourcecode.swift; path = SceneDelegate.swift; sourceTree = "<group>"; };
		F80EC51C2910FFA4007E9437 /* LoginViewController.swift */ = {isa = PBXFileReference; lastKnownFileType = sourcecode.swift; path = LoginViewController.swift; sourceTree = "<group>"; };
		F80EC51F2910FFA4007E9437 /* Base */ = {isa = PBXFileReference; lastKnownFileType = file.storyboard; name = Base; path = Base.lproj/Main.storyboard; sourceTree = "<group>"; };
		F80EC5212910FFA8007E9437 /* Assets.xcassets */ = {isa = PBXFileReference; lastKnownFileType = folder.assetcatalog; path = Assets.xcassets; sourceTree = "<group>"; };
		F80EC5242910FFA8007E9437 /* Base */ = {isa = PBXFileReference; lastKnownFileType = file.storyboard; name = Base; path = Base.lproj/LaunchScreen.storyboard; sourceTree = "<group>"; };
		F80EC5262910FFA8007E9437 /* Info.plist */ = {isa = PBXFileReference; lastKnownFileType = text.plist.xml; path = Info.plist; sourceTree = "<group>"; };
		F82272CA2911B5F3003EEB1B /* UIViewController+Extension.swift */ = {isa = PBXFileReference; lastKnownFileType = sourcecode.swift; path = "UIViewController+Extension.swift"; sourceTree = "<group>"; };
		F82272CC2911B6F9003EEB1B /* UITextField+Extension.swift */ = {isa = PBXFileReference; lastKnownFileType = sourcecode.swift; path = "UITextField+Extension.swift"; sourceTree = "<group>"; };
		F82272CF2911B8CC003EEB1B /* Verification.swift */ = {isa = PBXFileReference; lastKnownFileType = sourcecode.swift; path = Verification.swift; sourceTree = "<group>"; };
		F82272D32911CB0E003EEB1B /* FriendsTableViewController.swift */ = {isa = PBXFileReference; lastKnownFileType = sourcecode.swift; path = FriendsTableViewController.swift; sourceTree = "<group>"; };
/* End PBXFileReference section */

/* Begin PBXFrameworksBuildPhase section */
		F80EC5122910FFA4007E9437 /* Frameworks */ = {
			isa = PBXFrameworksBuildPhase;
			buildActionMask = 2147483647;
			files = (
			);
			runOnlyForDeploymentPostprocessing = 0;
		};
/* End PBXFrameworksBuildPhase section */

/* Begin PBXGroup section */
		F80EC50C2910FFA4007E9437 = {
			isa = PBXGroup;
			children = (
				F80EC5172910FFA4007E9437 /* VKSample */,
				F80EC5162910FFA4007E9437 /* Products */,
			);
			sourceTree = "<group>";
		};
		F80EC5162910FFA4007E9437 /* Products */ = {
			isa = PBXGroup;
			children = (
				F80EC5152910FFA4007E9437 /* VKSample.app */,
			);
			name = Products;
			sourceTree = "<group>";
		};
		F80EC5172910FFA4007E9437 /* VKSample */ = {
			isa = PBXGroup;
			children = (
				F82272C92911B5D5003EEB1B /* Extensions */,
				F80EC52E29110245007E9437 /* SupportingFiles */,
				F85569F52911A0380094902A /* Modules */,
				F80EC51E2910FFA4007E9437 /* Main.storyboard */,
				F80EC5212910FFA8007E9437 /* Assets.xcassets */,
				F80EC5232910FFA8007E9437 /* LaunchScreen.storyboard */,
				F80EC5262910FFA8007E9437 /* Info.plist */,
			);
			path = VKSample;
			sourceTree = "<group>";
		};
		F80EC52E29110245007E9437 /* SupportingFiles */ = {
			isa = PBXGroup;
			children = (
				F80EC5182910FFA4007E9437 /* AppDelegate.swift */,
				F80EC51A2910FFA4007E9437 /* SceneDelegate.swift */,
			);
			path = SupportingFiles;
			sourceTree = "<group>";
		};
		F80EC52F291102DE007E9437 /* LoginModule */ = {
			isa = PBXGroup;
			children = (
				F82272CE2911B8BA003EEB1B /* Models */,
				F80EC51C2910FFA4007E9437 /* LoginViewController.swift */,
			);
			path = LoginModule;
			sourceTree = "<group>";
		};
		F82272C92911B5D5003EEB1B /* Extensions */ = {
			isa = PBXGroup;
			children = (
				F82272CA2911B5F3003EEB1B /* UIViewController+Extension.swift */,
				F82272CC2911B6F9003EEB1B /* UITextField+Extension.swift */,
			);
			path = Extensions;
			sourceTree = "<group>";
		};
		F82272CE2911B8BA003EEB1B /* Models */ = {
			isa = PBXGroup;
			children = (
				F82272CF2911B8CC003EEB1B /* Verification.swift */,
			);
			path = Models;
			sourceTree = "<group>";
		};
		F82272D12911CA8B003EEB1B /* FriendsModule */ = {
			isa = PBXGroup;
			children = (
				F82272D32911CB0E003EEB1B /* FriendsTableViewController.swift */,
			);
			path = FriendsModule;
			sourceTree = "<group>";
		};
		F82272D22911CA98003EEB1B /* GroupsModule */ = {
			isa = PBXGroup;
			children = (
			);
			path = GroupsModule;
			sourceTree = "<group>";
		};
		F85569F52911A0380094902A /* Modules */ = {
			isa = PBXGroup;
			children = (
				F82272D22911CA98003EEB1B /* GroupsModule */,
				F82272D12911CA8B003EEB1B /* FriendsModule */,
				F80EC52F291102DE007E9437 /* LoginModule */,
			);
			path = Modules;
			sourceTree = "<group>";
		};
/* End PBXGroup section */

/* Begin PBXNativeTarget section */
		F80EC5142910FFA4007E9437 /* VKSample */ = {
			isa = PBXNativeTarget;
			buildConfigurationList = F80EC5292910FFA8007E9437 /* Build configuration list for PBXNativeTarget "VKSample" */;
			buildPhases = (
				F80EC5112910FFA4007E9437 /* Sources */,
				F80EC5122910FFA4007E9437 /* Frameworks */,
				F80EC5132910FFA4007E9437 /* Resources */,
				F80EC52C29110151007E9437 /* Swiftformat */,
				F80EC52D2911017C007E9437 /* Swiftlint */,
			);
			buildRules = (
			);
			dependencies = (
			);
			name = VKSample;
			productName = VKSample;
			productReference = F80EC5152910FFA4007E9437 /* VKSample.app */;
			productType = "com.apple.product-type.application";
		};
/* End PBXNativeTarget section */

/* Begin PBXProject section */
		F80EC50D2910FFA4007E9437 /* Project object */ = {
			isa = PBXProject;
			attributes = {
				BuildIndependentTargetsInParallel = 1;
				LastSwiftUpdateCheck = 1400;
				LastUpgradeCheck = 1400;
				TargetAttributes = {
					F80EC5142910FFA4007E9437 = {
						CreatedOnToolsVersion = 14.0.1;
					};
				};
			};
			buildConfigurationList = F80EC5102910FFA4007E9437 /* Build configuration list for PBXProject "VKSample" */;
			compatibilityVersion = "Xcode 14.0";
			developmentRegion = en;
			hasScannedForEncodings = 0;
			knownRegions = (
				en,
				Base,
			);
			mainGroup = F80EC50C2910FFA4007E9437;
			productRefGroup = F80EC5162910FFA4007E9437 /* Products */;
			projectDirPath = "";
			projectRoot = "";
			targets = (
				F80EC5142910FFA4007E9437 /* VKSample */,
			);
		};
/* End PBXProject section */

/* Begin PBXResourcesBuildPhase section */
		F80EC5132910FFA4007E9437 /* Resources */ = {
			isa = PBXResourcesBuildPhase;
			buildActionMask = 2147483647;
			files = (
				F80EC5252910FFA8007E9437 /* LaunchScreen.storyboard in Resources */,
				F80EC5222910FFA8007E9437 /* Assets.xcassets in Resources */,
				F80EC5202910FFA4007E9437 /* Main.storyboard in Resources */,
			);
			runOnlyForDeploymentPostprocessing = 0;
		};
/* End PBXResourcesBuildPhase section */

/* Begin PBXShellScriptBuildPhase section */
		F80EC52C29110151007E9437 /* Swiftformat */ = {
			isa = PBXShellScriptBuildPhase;
			alwaysOutOfDate = 1;
			buildActionMask = 2147483647;
			files = (
			);
			inputFileListPaths = (
			);
			inputPaths = (
			);
			name = Swiftformat;
			outputFileListPaths = (
			);
			outputPaths = (
			);
			runOnlyForDeploymentPostprocessing = 0;
			shellPath = /bin/sh;
			shellScript = "export PATH=\"$PATH:/opt/homebrew/bin\"\nif which swiftformat >/dev/null; then\n  swiftformat .\nelse\n  echo \"warning: SwiftFormat not installed, download from https://github.com/nicklockwood/SwiftFormat\"\nfi\n\n";
		};
		F80EC52D2911017C007E9437 /* Swiftlint */ = {
			isa = PBXShellScriptBuildPhase;
			alwaysOutOfDate = 1;
			buildActionMask = 2147483647;
			files = (
			);
			inputFileListPaths = (
			);
			inputPaths = (
			);
			name = Swiftlint;
			outputFileListPaths = (
			);
			outputPaths = (
			);
			runOnlyForDeploymentPostprocessing = 0;
			shellPath = /bin/sh;
			shellScript = "export PATH=\"$PATH:/opt/homebrew/bin\"\nif which swiftlint > /dev/null; then\n  swiftlint\nelse\n  echo \"warning: SwiftLint not installed, download from https://github.com/realm/SwiftLint\"\nfi\n\n";
		};
/* End PBXShellScriptBuildPhase section */

/* Begin PBXSourcesBuildPhase section */
		F80EC5112910FFA4007E9437 /* Sources */ = {
			isa = PBXSourcesBuildPhase;
			buildActionMask = 2147483647;
			files = (
				F82272D02911B8CC003EEB1B /* Verification.swift in Sources */,
				F82272CD2911B6F9003EEB1B /* UITextField+Extension.swift in Sources */,
				F82272CB2911B5F3003EEB1B /* UIViewController+Extension.swift in Sources */,
				F80EC51D2910FFA4007E9437 /* LoginViewController.swift in Sources */,
				F80EC5192910FFA4007E9437 /* AppDelegate.swift in Sources */,
				F82272D42911CB0E003EEB1B /* FriendsTableViewController.swift in Sources */,
				F80EC51B2910FFA4007E9437 /* SceneDelegate.swift in Sources */,
			);
			runOnlyForDeploymentPostprocessing = 0;
		};
/* End PBXSourcesBuildPhase section */

/* Begin PBXVariantGroup section */
		F80EC51E2910FFA4007E9437 /* Main.storyboard */ = {
			isa = PBXVariantGroup;
			children = (
				F80EC51F2910FFA4007E9437 /* Base */,
			);
			name = Main.storyboard;
			sourceTree = "<group>";
		};
		F80EC5232910FFA8007E9437 /* LaunchScreen.storyboard */ = {
			isa = PBXVariantGroup;
			children = (
				F80EC5242910FFA8007E9437 /* Base */,
			);
			name = LaunchScreen.storyboard;
			sourceTree = "<group>";
		};
/* End PBXVariantGroup section */

/* Begin XCBuildConfiguration section */
		F80EC5272910FFA8007E9437 /* Debug */ = {
			isa = XCBuildConfiguration;
			buildSettings = {
				ALWAYS_SEARCH_USER_PATHS = NO;
				CLANG_ANALYZER_NONNULL = YES;
				CLANG_ANALYZER_NUMBER_OBJECT_CONVERSION = YES_AGGRESSIVE;
				CLANG_CXX_LANGUAGE_STANDARD = "gnu++20";
				CLANG_ENABLE_MODULES = YES;
				CLANG_ENABLE_OBJC_ARC = YES;
				CLANG_ENABLE_OBJC_WEAK = YES;
				CLANG_WARN_BLOCK_CAPTURE_AUTORELEASING = YES;
				CLANG_WARN_BOOL_CONVERSION = YES;
				CLANG_WARN_COMMA = YES;
				CLANG_WARN_CONSTANT_CONVERSION = YES;
				CLANG_WARN_DEPRECATED_OBJC_IMPLEMENTATIONS = YES;
				CLANG_WARN_DIRECT_OBJC_ISA_USAGE = YES_ERROR;
				CLANG_WARN_DOCUMENTATION_COMMENTS = YES;
				CLANG_WARN_EMPTY_BODY = YES;
				CLANG_WARN_ENUM_CONVERSION = YES;
				CLANG_WARN_INFINITE_RECURSION = YES;
				CLANG_WARN_INT_CONVERSION = YES;
				CLANG_WARN_NON_LITERAL_NULL_CONVERSION = YES;
				CLANG_WARN_OBJC_IMPLICIT_RETAIN_SELF = YES;
				CLANG_WARN_OBJC_LITERAL_CONVERSION = YES;
				CLANG_WARN_OBJC_ROOT_CLASS = YES_ERROR;
				CLANG_WARN_QUOTED_INCLUDE_IN_FRAMEWORK_HEADER = YES;
				CLANG_WARN_RANGE_LOOP_ANALYSIS = YES;
				CLANG_WARN_STRICT_PROTOTYPES = YES;
				CLANG_WARN_SUSPICIOUS_MOVE = YES;
				CLANG_WARN_UNGUARDED_AVAILABILITY = YES_AGGRESSIVE;
				CLANG_WARN_UNREACHABLE_CODE = YES;
				CLANG_WARN__DUPLICATE_METHOD_MATCH = YES;
				COPY_PHASE_STRIP = NO;
				DEBUG_INFORMATION_FORMAT = dwarf;
				ENABLE_STRICT_OBJC_MSGSEND = YES;
				ENABLE_TESTABILITY = YES;
				GCC_C_LANGUAGE_STANDARD = gnu11;
				GCC_DYNAMIC_NO_PIC = NO;
				GCC_NO_COMMON_BLOCKS = YES;
				GCC_OPTIMIZATION_LEVEL = 0;
				GCC_PREPROCESSOR_DEFINITIONS = (
					"DEBUG=1",
					"$(inherited)",
				);
				GCC_WARN_64_TO_32_BIT_CONVERSION = YES;
				GCC_WARN_ABOUT_RETURN_TYPE = YES_ERROR;
				GCC_WARN_UNDECLARED_SELECTOR = YES;
				GCC_WARN_UNINITIALIZED_AUTOS = YES_AGGRESSIVE;
				GCC_WARN_UNUSED_FUNCTION = YES;
				GCC_WARN_UNUSED_VARIABLE = YES;
				IPHONEOS_DEPLOYMENT_TARGET = 16.0;
				MTL_ENABLE_DEBUG_INFO = INCLUDE_SOURCE;
				MTL_FAST_MATH = YES;
				ONLY_ACTIVE_ARCH = YES;
				SDKROOT = iphoneos;
				SWIFT_ACTIVE_COMPILATION_CONDITIONS = DEBUG;
				SWIFT_OPTIMIZATION_LEVEL = "-Onone";
			};
			name = Debug;
		};
		F80EC5282910FFA8007E9437 /* Release */ = {
			isa = XCBuildConfiguration;
			buildSettings = {
				ALWAYS_SEARCH_USER_PATHS = NO;
				CLANG_ANALYZER_NONNULL = YES;
				CLANG_ANALYZER_NUMBER_OBJECT_CONVERSION = YES_AGGRESSIVE;
				CLANG_CXX_LANGUAGE_STANDARD = "gnu++20";
				CLANG_ENABLE_MODULES = YES;
				CLANG_ENABLE_OBJC_ARC = YES;
				CLANG_ENABLE_OBJC_WEAK = YES;
				CLANG_WARN_BLOCK_CAPTURE_AUTORELEASING = YES;
				CLANG_WARN_BOOL_CONVERSION = YES;
				CLANG_WARN_COMMA = YES;
				CLANG_WARN_CONSTANT_CONVERSION = YES;
				CLANG_WARN_DEPRECATED_OBJC_IMPLEMENTATIONS = YES;
				CLANG_WARN_DIRECT_OBJC_ISA_USAGE = YES_ERROR;
				CLANG_WARN_DOCUMENTATION_COMMENTS = YES;
				CLANG_WARN_EMPTY_BODY = YES;
				CLANG_WARN_ENUM_CONVERSION = YES;
				CLANG_WARN_INFINITE_RECURSION = YES;
				CLANG_WARN_INT_CONVERSION = YES;
				CLANG_WARN_NON_LITERAL_NULL_CONVERSION = YES;
				CLANG_WARN_OBJC_IMPLICIT_RETAIN_SELF = YES;
				CLANG_WARN_OBJC_LITERAL_CONVERSION = YES;
				CLANG_WARN_OBJC_ROOT_CLASS = YES_ERROR;
				CLANG_WARN_QUOTED_INCLUDE_IN_FRAMEWORK_HEADER = YES;
				CLANG_WARN_RANGE_LOOP_ANALYSIS = YES;
				CLANG_WARN_STRICT_PROTOTYPES = YES;
				CLANG_WARN_SUSPICIOUS_MOVE = YES;
				CLANG_WARN_UNGUARDED_AVAILABILITY = YES_AGGRESSIVE;
				CLANG_WARN_UNREACHABLE_CODE = YES;
				CLANG_WARN__DUPLICATE_METHOD_MATCH = YES;
				COPY_PHASE_STRIP = NO;
				DEBUG_INFORMATION_FORMAT = "dwarf-with-dsym";
				ENABLE_NS_ASSERTIONS = NO;
				ENABLE_STRICT_OBJC_MSGSEND = YES;
				GCC_C_LANGUAGE_STANDARD = gnu11;
				GCC_NO_COMMON_BLOCKS = YES;
				GCC_WARN_64_TO_32_BIT_CONVERSION = YES;
				GCC_WARN_ABOUT_RETURN_TYPE = YES_ERROR;
				GCC_WARN_UNDECLARED_SELECTOR = YES;
				GCC_WARN_UNINITIALIZED_AUTOS = YES_AGGRESSIVE;
				GCC_WARN_UNUSED_FUNCTION = YES;
				GCC_WARN_UNUSED_VARIABLE = YES;
				IPHONEOS_DEPLOYMENT_TARGET = 16.0;
				MTL_ENABLE_DEBUG_INFO = NO;
				MTL_FAST_MATH = YES;
				SDKROOT = iphoneos;
				SWIFT_COMPILATION_MODE = wholemodule;
				SWIFT_OPTIMIZATION_LEVEL = "-O";
				VALIDATE_PRODUCT = YES;
			};
			name = Release;
		};
		F80EC52A2910FFA8007E9437 /* Debug */ = {
			isa = XCBuildConfiguration;
			buildSettings = {
				ASSETCATALOG_COMPILER_APPICON_NAME = AppIcon;
				ASSETCATALOG_COMPILER_GLOBAL_ACCENT_COLOR_NAME = AccentColor;
				CODE_SIGN_STYLE = Automatic;
				CURRENT_PROJECT_VERSION = 1;
				DEVELOPMENT_TEAM = 23LWN74XLQ;
				GENERATE_INFOPLIST_FILE = YES;
				INFOPLIST_FILE = VKSample/Info.plist;
				INFOPLIST_KEY_UIApplicationSupportsIndirectInputEvents = YES;
				INFOPLIST_KEY_UILaunchStoryboardName = LaunchScreen;
				INFOPLIST_KEY_UIMainStoryboardFile = Main;
				INFOPLIST_KEY_UISupportedInterfaceOrientations_iPad = "UIInterfaceOrientationPortrait UIInterfaceOrientationPortraitUpsideDown UIInterfaceOrientationLandscapeLeft UIInterfaceOrientationLandscapeRight";
				INFOPLIST_KEY_UISupportedInterfaceOrientations_iPhone = "UIInterfaceOrientationPortrait UIInterfaceOrientationLandscapeLeft UIInterfaceOrientationLandscapeRight";
				LD_RUNPATH_SEARCH_PATHS = (
					"$(inherited)",
					"@executable_path/Frameworks",
				);
				MARKETING_VERSION = 1.0;
				PRODUCT_BUNDLE_IDENTIFIER = aleksandr.dorofeev.VKSample;
				PRODUCT_NAME = "$(TARGET_NAME)";
				SWIFT_EMIT_LOC_STRINGS = YES;
				SWIFT_VERSION = 5.0;
				TARGETED_DEVICE_FAMILY = "1,2";
			};
			name = Debug;
		};
		F80EC52B2910FFA8007E9437 /* Release */ = {
			isa = XCBuildConfiguration;
			buildSettings = {
				ASSETCATALOG_COMPILER_APPICON_NAME = AppIcon;
				ASSETCATALOG_COMPILER_GLOBAL_ACCENT_COLOR_NAME = AccentColor;
				CODE_SIGN_STYLE = Automatic;
				CURRENT_PROJECT_VERSION = 1;
				DEVELOPMENT_TEAM = 23LWN74XLQ;
				GENERATE_INFOPLIST_FILE = YES;
				INFOPLIST_FILE = VKSample/Info.plist;
				INFOPLIST_KEY_UIApplicationSupportsIndirectInputEvents = YES;
				INFOPLIST_KEY_UILaunchStoryboardName = LaunchScreen;
				INFOPLIST_KEY_UIMainStoryboardFile = Main;
				INFOPLIST_KEY_UISupportedInterfaceOrientations_iPad = "UIInterfaceOrientationPortrait UIInterfaceOrientationPortraitUpsideDown UIInterfaceOrientationLandscapeLeft UIInterfaceOrientationLandscapeRight";
				INFOPLIST_KEY_UISupportedInterfaceOrientations_iPhone = "UIInterfaceOrientationPortrait UIInterfaceOrientationLandscapeLeft UIInterfaceOrientationLandscapeRight";
				LD_RUNPATH_SEARCH_PATHS = (
					"$(inherited)",
					"@executable_path/Frameworks",
				);
				MARKETING_VERSION = 1.0;
				PRODUCT_BUNDLE_IDENTIFIER = aleksandr.dorofeev.VKSample;
				PRODUCT_NAME = "$(TARGET_NAME)";
				SWIFT_EMIT_LOC_STRINGS = YES;
				SWIFT_VERSION = 5.0;
				TARGETED_DEVICE_FAMILY = "1,2";
			};
			name = Release;
		};
/* End XCBuildConfiguration section */

/* Begin XCConfigurationList section */
		F80EC5102910FFA4007E9437 /* Build configuration list for PBXProject "VKSample" */ = {
			isa = XCConfigurationList;
			buildConfigurations = (
				F80EC5272910FFA8007E9437 /* Debug */,
				F80EC5282910FFA8007E9437 /* Release */,
			);
			defaultConfigurationIsVisible = 0;
			defaultConfigurationName = Release;
		};
		F80EC5292910FFA8007E9437 /* Build configuration list for PBXNativeTarget "VKSample" */ = {
			isa = XCConfigurationList;
			buildConfigurations = (
				F80EC52A2910FFA8007E9437 /* Debug */,
				F80EC52B2910FFA8007E9437 /* Release */,
			);
			defaultConfigurationIsVisible = 0;
			defaultConfigurationName = Release;
		};
/* End XCConfigurationList section */
	};
	rootObject = F80EC50D2910FFA4007E9437 /* Project object */;
}
