// !$*UTF8*$!
{
	archiveVersion = 1;
	classes = {
	};
	objectVersion = 56;
	objects = {

/* Begin PBXBuildFile section */
		EC5536C5EFAD86B1E8D0368B /* Pods_VKSample.framework in Frameworks */ = {isa = PBXBuildFile; fileRef = AF5AB7158D5F98E7C1917F9A /* Pods_VKSample.framework */; };
		F802733B293128CC0022346B /* Friend.swift in Sources */ = {isa = PBXBuildFile; fileRef = F802733A293128CC0022346B /* Friend.swift */; };
		F80273412931296B0022346B /* Photo.swift in Sources */ = {isa = PBXBuildFile; fileRef = F80273402931296B0022346B /* Photo.swift */; };
		F8027346293129B70022346B /* Group.swift in Sources */ = {isa = PBXBuildFile; fileRef = F8027345293129B70022346B /* Group.swift */; };
		F802736B293149ED0022346B /* VKResponse.swift in Sources */ = {isa = PBXBuildFile; fileRef = F802736A293149ED0022346B /* VKResponse.swift */; };
		F802736D2931733C0022346B /* ImageLoader.swift in Sources */ = {isa = PBXBuildFile; fileRef = F802736C2931733C0022346B /* ImageLoader.swift */; };
		F8027371293178090022346B /* RealmService.swift in Sources */ = {isa = PBXBuildFile; fileRef = F8027370293178090022346B /* RealmService.swift */; };
		F80BDBB5293FF59D009E2ED5 /* Post.swift in Sources */ = {isa = PBXBuildFile; fileRef = F8E47B982919CAA50014AF31 /* Post.swift */; };
		F80EC5192910FFA4007E9437 /* AppDelegate.swift in Sources */ = {isa = PBXBuildFile; fileRef = F80EC5182910FFA4007E9437 /* AppDelegate.swift */; };
		F80EC51B2910FFA4007E9437 /* SceneDelegate.swift in Sources */ = {isa = PBXBuildFile; fileRef = F80EC51A2910FFA4007E9437 /* SceneDelegate.swift */; };
		F80EC51D2910FFA4007E9437 /* LoginViewController.swift in Sources */ = {isa = PBXBuildFile; fileRef = F80EC51C2910FFA4007E9437 /* LoginViewController.swift */; };
		F80EC5202910FFA4007E9437 /* Main.storyboard in Resources */ = {isa = PBXBuildFile; fileRef = F80EC51E2910FFA4007E9437 /* Main.storyboard */; };
		F80EC5222910FFA8007E9437 /* Assets.xcassets in Resources */ = {isa = PBXBuildFile; fileRef = F80EC5212910FFA8007E9437 /* Assets.xcassets */; };
		F80EC5252910FFA8007E9437 /* LaunchScreen.storyboard in Resources */ = {isa = PBXBuildFile; fileRef = F80EC5232910FFA8007E9437 /* LaunchScreen.storyboard */; };
		F82272CB2911B5F3003EEB1B /* UIViewController+Extension.swift in Sources */ = {isa = PBXBuildFile; fileRef = F82272CA2911B5F3003EEB1B /* UIViewController+Extension.swift */; };
		F82272CD2911B6F9003EEB1B /* UITextField+Extension.swift in Sources */ = {isa = PBXBuildFile; fileRef = F82272CC2911B6F9003EEB1B /* UITextField+Extension.swift */; };
		F82272D02911B8CC003EEB1B /* Verification.swift in Sources */ = {isa = PBXBuildFile; fileRef = F82272CF2911B8CC003EEB1B /* Verification.swift */; };
		F82272D42911CB0E003EEB1B /* FriendsTableViewController.swift in Sources */ = {isa = PBXBuildFile; fileRef = F82272D32911CB0E003EEB1B /* FriendsTableViewController.swift */; };
		F82272D62911DB37003EEB1B /* GroupsTableViewController.swift in Sources */ = {isa = PBXBuildFile; fileRef = F82272D52911DB37003EEB1B /* GroupsTableViewController.swift */; };
		F8404138293E6F9E00C7CF46 /* PostHeaderCell.swift in Sources */ = {isa = PBXBuildFile; fileRef = F8404136293E6F9E00C7CF46 /* PostHeaderCell.swift */; };
		F8404139293E6F9E00C7CF46 /* PostHeaderCell.xib in Resources */ = {isa = PBXBuildFile; fileRef = F8404137293E6F9E00C7CF46 /* PostHeaderCell.xib */; };
		F840413C293E6FB600C7CF46 /* PostFooterCell.swift in Sources */ = {isa = PBXBuildFile; fileRef = F840413A293E6FB600C7CF46 /* PostFooterCell.swift */; };
		F840413D293E6FB600C7CF46 /* PostFooterCell.xib in Resources */ = {isa = PBXBuildFile; fileRef = F840413B293E6FB600C7CF46 /* PostFooterCell.xib */; };
		F8490DA5291412C10044E9EF /* FriendTableViewCell.swift in Sources */ = {isa = PBXBuildFile; fileRef = F8490DA4291412C10044E9EF /* FriendTableViewCell.swift */; };
		F8490DAA2914197E0044E9EF /* PhotosGalleryCollectionViewController.swift in Sources */ = {isa = PBXBuildFile; fileRef = F8490DA92914197E0044E9EF /* PhotosGalleryCollectionViewController.swift */; };
		F8490DAD29141B550044E9EF /* FriendPhotoGalleryCollectionViewCell.swift in Sources */ = {isa = PBXBuildFile; fileRef = F8490DAC29141B550044E9EF /* FriendPhotoGalleryCollectionViewCell.swift */; };
		F8490DAF29142CC10044E9EF /* MyGroupsTableViewController.swift in Sources */ = {isa = PBXBuildFile; fileRef = F8490DAE29142CC10044E9EF /* MyGroupsTableViewController.swift */; };
		F8490DB5291432600044E9EF /* GroupTableViewCell.swift in Sources */ = {isa = PBXBuildFile; fileRef = F8490DB4291432600044E9EF /* GroupTableViewCell.swift */; };
		F8490DBA291439EE0044E9EF /* MyGroupTableViewCell.swift in Sources */ = {isa = PBXBuildFile; fileRef = F8490DB9291439EE0044E9EF /* MyGroupTableViewCell.swift */; };
		F8490DBD29145EBF0044E9EF /* ShadowAvatarView.swift in Sources */ = {isa = PBXBuildFile; fileRef = F8490DBC29145EBF0044E9EF /* ShadowAvatarView.swift */; };
		F8490DC02914699D0044E9EF /* LikeControlView.swift in Sources */ = {isa = PBXBuildFile; fileRef = F8490DBF2914699D0044E9EF /* LikeControlView.swift */; };
		F866A6E62945F4C70041EABE /* PhotoService+Extension.swift in Sources */ = {isa = PBXBuildFile; fileRef = F866A6E52945F4C70041EABE /* PhotoService+Extension.swift */; };
		F880502F293F97B400D90DAA /* News.swift in Sources */ = {isa = PBXBuildFile; fileRef = F880502E293F97B400D90DAA /* News.swift */; };
		F8805031293F9B7600D90DAA /* VKNewsResponse.swift in Sources */ = {isa = PBXBuildFile; fileRef = F8805030293F9B7600D90DAA /* VKNewsResponse.swift */; };
		F88D6F24291CE44B008B458F /* SwipeUserPhotosViewController.swift in Sources */ = {isa = PBXBuildFile; fileRef = F88D6F23291CE44B008B458F /* SwipeUserPhotosViewController.swift */; };
		F88D6F65291D7FD0008B458F /* MainNavigationController.swift in Sources */ = {isa = PBXBuildFile; fileRef = F88D6F64291D7FD0008B458F /* MainNavigationController.swift */; };
		F88D6F67291D80A2008B458F /* PushTransitionAnimator.swift in Sources */ = {isa = PBXBuildFile; fileRef = F88D6F66291D80A2008B458F /* PushTransitionAnimator.swift */; };
		F88D6F69291D8433008B458F /* PopTransitionAnimator.swift in Sources */ = {isa = PBXBuildFile; fileRef = F88D6F68291D8433008B458F /* PopTransitionAnimator.swift */; };
		F88D6F6B291D84DD008B458F /* InteractiveTransition.swift in Sources */ = {isa = PBXBuildFile; fileRef = F88D6F6A291D84DD008B458F /* InteractiveTransition.swift */; };
		F895E0B5292CEDC5001D4A88 /* Session.swift in Sources */ = {isa = PBXBuildFile; fileRef = F895E0B4292CEDC5001D4A88 /* Session.swift */; };
		F895E0BC292D528F001D4A88 /* AuthorizationVKViewController.swift in Sources */ = {isa = PBXBuildFile; fileRef = F895E0BB292D528F001D4A88 /* AuthorizationVKViewController.swift */; };
		F895E0C0292D5F26001D4A88 /* VKNetworkService.swift in Sources */ = {isa = PBXBuildFile; fileRef = F895E0BF292D5F26001D4A88 /* VKNetworkService.swift */; };
		F895E0D0292E4222001D4A88 /* NetworkService.swift in Sources */ = {isa = PBXBuildFile; fileRef = F895E0CF292E4222001D4A88 /* NetworkService.swift */; };
		F899A18D2940D075007682BD /* DateFormatter+Extension.swift in Sources */ = {isa = PBXBuildFile; fileRef = F899A18C2940D075007682BD /* DateFormatter+Extension.swift */; };
		F899A18F29411E87007682BD /* Likes.swift in Sources */ = {isa = PBXBuildFile; fileRef = F899A18E29411E87007682BD /* Likes.swift */; };
		F899A19129411EA1007682BD /* Comments.swift in Sources */ = {isa = PBXBuildFile; fileRef = F899A19029411EA1007682BD /* Comments.swift */; };
		F899A19329411EAF007682BD /* Reposts.swift in Sources */ = {isa = PBXBuildFile; fileRef = F899A19229411EAF007682BD /* Reposts.swift */; };
		F899A19529411EBC007682BD /* Views.swift in Sources */ = {isa = PBXBuildFile; fileRef = F899A19429411EBC007682BD /* Views.swift */; };
		F899A1BC29424BF0007682BD /* AsyncOperation.swift in Sources */ = {isa = PBXBuildFile; fileRef = F899A1BB29424BF0007682BD /* AsyncOperation.swift */; };
		F899A1BE29424C9C007682BD /* GetGroupsDataOperation.swift in Sources */ = {isa = PBXBuildFile; fileRef = F899A1BD29424C9C007682BD /* GetGroupsDataOperation.swift */; };
		F899A1C029424D42007682BD /* ParsingGroupsData.swift in Sources */ = {isa = PBXBuildFile; fileRef = F899A1BF29424D42007682BD /* ParsingGroupsData.swift */; };
		F899A1C229425070007682BD /* SaveGroupsDataOperation.swift in Sources */ = {isa = PBXBuildFile; fileRef = F899A1C129425070007682BD /* SaveGroupsDataOperation.swift */; };
		F899A1CA29428D30007682BD /* PromiseService.swift in Sources */ = {isa = PBXBuildFile; fileRef = F899A1C929428D30007682BD /* PromiseService.swift */; };
		F899A1F42944CC5C007682BD /* ImageService.swift in Sources */ = {isa = PBXBuildFile; fileRef = F899A1F32944CC5C007682BD /* ImageService.swift */; };
		F899A1F62944CE16007682BD /* DataReloadable.swift in Sources */ = {isa = PBXBuildFile; fileRef = F899A1F52944CE16007682BD /* DataReloadable.swift */; };
		F8B01E35293F54F400988685 /* TextPostCell.swift in Sources */ = {isa = PBXBuildFile; fileRef = F8B01E33293F54F400988685 /* TextPostCell.swift */; };
		F8B01E36293F54F400988685 /* TextPostCell.xib in Resources */ = {isa = PBXBuildFile; fileRef = F8B01E34293F54F400988685 /* TextPostCell.xib */; };
		F8B01E39293F551700988685 /* ImagePostCell.swift in Sources */ = {isa = PBXBuildFile; fileRef = F8B01E37293F551700988685 /* ImagePostCell.swift */; };
		F8B01E3A293F551700988685 /* ImagePostCell.xib in Resources */ = {isa = PBXBuildFile; fileRef = F8B01E38293F551700988685 /* ImagePostCell.xib */; };
		F8E47B962919C9B70014AF31 /* FeedViewController.swift in Sources */ = {isa = PBXBuildFile; fileRef = F8E47B952919C9B70014AF31 /* FeedViewController.swift */; };
		F8F9C8452937C7FF0026E88C /* VKNetworkServiceProtocol.swift in Sources */ = {isa = PBXBuildFile; fileRef = F8F9C8442937C7FF0026E88C /* VKNetworkServiceProtocol.swift */; };
/* End PBXBuildFile section */

/* Begin PBXFileReference section */
		AAEFEA68BB5A55A6F14636BE /* Pods-VKSample.release.xcconfig */ = {isa = PBXFileReference; includeInIndex = 1; lastKnownFileType = text.xcconfig; name = "Pods-VKSample.release.xcconfig"; path = "Target Support Files/Pods-VKSample/Pods-VKSample.release.xcconfig"; sourceTree = "<group>"; };
		AF5AB7158D5F98E7C1917F9A /* Pods_VKSample.framework */ = {isa = PBXFileReference; explicitFileType = wrapper.framework; includeInIndex = 0; path = Pods_VKSample.framework; sourceTree = BUILT_PRODUCTS_DIR; };
		C9242A9470B240FDC7FCDD65 /* Pods-VKSample.debug.xcconfig */ = {isa = PBXFileReference; includeInIndex = 1; lastKnownFileType = text.xcconfig; name = "Pods-VKSample.debug.xcconfig"; path = "Target Support Files/Pods-VKSample/Pods-VKSample.debug.xcconfig"; sourceTree = "<group>"; };
		F802733A293128CC0022346B /* Friend.swift */ = {isa = PBXFileReference; lastKnownFileType = sourcecode.swift; path = Friend.swift; sourceTree = "<group>"; };
		F80273402931296B0022346B /* Photo.swift */ = {isa = PBXFileReference; lastKnownFileType = sourcecode.swift; path = Photo.swift; sourceTree = "<group>"; };
		F8027345293129B70022346B /* Group.swift */ = {isa = PBXFileReference; lastKnownFileType = sourcecode.swift; path = Group.swift; sourceTree = "<group>"; };
		F802736A293149ED0022346B /* VKResponse.swift */ = {isa = PBXFileReference; lastKnownFileType = sourcecode.swift; path = VKResponse.swift; sourceTree = "<group>"; };
		F802736C2931733C0022346B /* ImageLoader.swift */ = {isa = PBXFileReference; lastKnownFileType = sourcecode.swift; path = ImageLoader.swift; sourceTree = "<group>"; };
		F8027370293178090022346B /* RealmService.swift */ = {isa = PBXFileReference; lastKnownFileType = sourcecode.swift; path = RealmService.swift; sourceTree = "<group>"; };
		F80EC5152910FFA4007E9437 /* VKSample.app */ = {isa = PBXFileReference; explicitFileType = wrapper.application; includeInIndex = 0; path = VKSample.app; sourceTree = BUILT_PRODUCTS_DIR; };
		F80EC5182910FFA4007E9437 /* AppDelegate.swift */ = {isa = PBXFileReference; lastKnownFileType = sourcecode.swift; path = AppDelegate.swift; sourceTree = "<group>"; };
		F80EC51A2910FFA4007E9437 /* SceneDelegate.swift */ = {isa = PBXFileReference; lastKnownFileType = sourcecode.swift; path = SceneDelegate.swift; sourceTree = "<group>"; };
		F80EC51C2910FFA4007E9437 /* LoginViewController.swift */ = {isa = PBXFileReference; lastKnownFileType = sourcecode.swift; path = LoginViewController.swift; sourceTree = "<group>"; };
		F80EC51F2910FFA4007E9437 /* Base */ = {isa = PBXFileReference; lastKnownFileType = file.storyboard; name = Base; path = Base.lproj/Main.storyboard; sourceTree = "<group>"; };
		F80EC5212910FFA8007E9437 /* Assets.xcassets */ = {isa = PBXFileReference; lastKnownFileType = folder.assetcatalog; path = Assets.xcassets; sourceTree = "<group>"; };
		F80EC5242910FFA8007E9437 /* Base */ = {isa = PBXFileReference; lastKnownFileType = file.storyboard; name = Base; path = Base.lproj/LaunchScreen.storyboard; sourceTree = "<group>"; };
		F80EC5262910FFA8007E9437 /* Info.plist */ = {isa = PBXFileReference; lastKnownFileType = text.plist.xml; path = Info.plist; sourceTree = "<group>"; };
		F82272CA2911B5F3003EEB1B /* UIViewController+Extension.swift */ = {isa = PBXFileReference; lastKnownFileType = sourcecode.swift; path = "UIViewController+Extension.swift"; sourceTree = "<group>"; };
		F82272CC2911B6F9003EEB1B /* UITextField+Extension.swift */ = {isa = PBXFileReference; lastKnownFileType = sourcecode.swift; path = "UITextField+Extension.swift"; sourceTree = "<group>"; };
		F82272CF2911B8CC003EEB1B /* Verification.swift */ = {isa = PBXFileReference; lastKnownFileType = sourcecode.swift; path = Verification.swift; sourceTree = "<group>"; };
		F82272D32911CB0E003EEB1B /* FriendsTableViewController.swift */ = {isa = PBXFileReference; lastKnownFileType = sourcecode.swift; path = FriendsTableViewController.swift; sourceTree = "<group>"; };
		F82272D52911DB37003EEB1B /* GroupsTableViewController.swift */ = {isa = PBXFileReference; lastKnownFileType = sourcecode.swift; path = GroupsTableViewController.swift; sourceTree = "<group>"; };
		F8404136293E6F9E00C7CF46 /* PostHeaderCell.swift */ = {isa = PBXFileReference; lastKnownFileType = sourcecode.swift; path = PostHeaderCell.swift; sourceTree = "<group>"; };
		F8404137293E6F9E00C7CF46 /* PostHeaderCell.xib */ = {isa = PBXFileReference; lastKnownFileType = file.xib; path = PostHeaderCell.xib; sourceTree = "<group>"; };
		F840413A293E6FB600C7CF46 /* PostFooterCell.swift */ = {isa = PBXFileReference; lastKnownFileType = sourcecode.swift; path = PostFooterCell.swift; sourceTree = "<group>"; };
		F840413B293E6FB600C7CF46 /* PostFooterCell.xib */ = {isa = PBXFileReference; lastKnownFileType = file.xib; path = PostFooterCell.xib; sourceTree = "<group>"; };
		F8490DA1291405530044E9EF /* Friend.swift */ = {isa = PBXFileReference; lastKnownFileType = sourcecode.swift; path = Friend.swift; sourceTree = "<group>"; };
		F8490DA4291412C10044E9EF /* FriendTableViewCell.swift */ = {isa = PBXFileReference; lastKnownFileType = sourcecode.swift; path = FriendTableViewCell.swift; sourceTree = "<group>"; };
		F8490DA92914197E0044E9EF /* PhotosGalleryCollectionViewController.swift */ = {isa = PBXFileReference; lastKnownFileType = sourcecode.swift; path = PhotosGalleryCollectionViewController.swift; sourceTree = "<group>"; };
		F8490DAC29141B550044E9EF /* FriendPhotoGalleryCollectionViewCell.swift */ = {isa = PBXFileReference; lastKnownFileType = sourcecode.swift; path = FriendPhotoGalleryCollectionViewCell.swift; sourceTree = "<group>"; };
		F8490DAE29142CC10044E9EF /* MyGroupsTableViewController.swift */ = {isa = PBXFileReference; lastKnownFileType = sourcecode.swift; path = MyGroupsTableViewController.swift; sourceTree = "<group>"; };
		F8490DB129142DA70044E9EF /* Group.swift */ = {isa = PBXFileReference; lastKnownFileType = sourcecode.swift; path = Group.swift; sourceTree = "<group>"; };
		F8490DB4291432600044E9EF /* GroupTableViewCell.swift */ = {isa = PBXFileReference; lastKnownFileType = sourcecode.swift; path = GroupTableViewCell.swift; sourceTree = "<group>"; };
		F8490DB9291439EE0044E9EF /* MyGroupTableViewCell.swift */ = {isa = PBXFileReference; lastKnownFileType = sourcecode.swift; path = MyGroupTableViewCell.swift; sourceTree = "<group>"; };
		F8490DBC29145EBF0044E9EF /* ShadowAvatarView.swift */ = {isa = PBXFileReference; lastKnownFileType = sourcecode.swift; path = ShadowAvatarView.swift; sourceTree = "<group>"; };
		F8490DBF2914699D0044E9EF /* LikeControlView.swift */ = {isa = PBXFileReference; lastKnownFileType = sourcecode.swift; path = LikeControlView.swift; sourceTree = "<group>"; };
		F866A6E52945F4C70041EABE /* PhotoService+Extension.swift */ = {isa = PBXFileReference; lastKnownFileType = sourcecode.swift; path = "PhotoService+Extension.swift"; sourceTree = "<group>"; };
		F880502E293F97B400D90DAA /* News.swift */ = {isa = PBXFileReference; lastKnownFileType = sourcecode.swift; path = News.swift; sourceTree = "<group>"; };
		F8805030293F9B7600D90DAA /* VKNewsResponse.swift */ = {isa = PBXFileReference; lastKnownFileType = sourcecode.swift; path = VKNewsResponse.swift; sourceTree = "<group>"; };
		F88D6F23291CE44B008B458F /* SwipeUserPhotosViewController.swift */ = {isa = PBXFileReference; lastKnownFileType = sourcecode.swift; path = SwipeUserPhotosViewController.swift; sourceTree = "<group>"; };
		F88D6F64291D7FD0008B458F /* MainNavigationController.swift */ = {isa = PBXFileReference; lastKnownFileType = sourcecode.swift; path = MainNavigationController.swift; sourceTree = "<group>"; };
		F88D6F66291D80A2008B458F /* PushTransitionAnimator.swift */ = {isa = PBXFileReference; lastKnownFileType = sourcecode.swift; path = PushTransitionAnimator.swift; sourceTree = "<group>"; };
		F88D6F68291D8433008B458F /* PopTransitionAnimator.swift */ = {isa = PBXFileReference; lastKnownFileType = sourcecode.swift; path = PopTransitionAnimator.swift; sourceTree = "<group>"; };
		F88D6F6A291D84DD008B458F /* InteractiveTransition.swift */ = {isa = PBXFileReference; lastKnownFileType = sourcecode.swift; path = InteractiveTransition.swift; sourceTree = "<group>"; };
		F895E0B4292CEDC5001D4A88 /* Session.swift */ = {isa = PBXFileReference; lastKnownFileType = sourcecode.swift; path = Session.swift; sourceTree = "<group>"; };
		F895E0BB292D528F001D4A88 /* AuthorizationVKViewController.swift */ = {isa = PBXFileReference; lastKnownFileType = sourcecode.swift; path = AuthorizationVKViewController.swift; sourceTree = "<group>"; };
		F895E0BF292D5F26001D4A88 /* VKNetworkService.swift */ = {isa = PBXFileReference; lastKnownFileType = sourcecode.swift; path = VKNetworkService.swift; sourceTree = "<group>"; };
		F895E0CF292E4222001D4A88 /* NetworkService.swift */ = {isa = PBXFileReference; lastKnownFileType = sourcecode.swift; path = NetworkService.swift; sourceTree = "<group>"; };
		F899A18C2940D075007682BD /* DateFormatter+Extension.swift */ = {isa = PBXFileReference; lastKnownFileType = sourcecode.swift; path = "DateFormatter+Extension.swift"; sourceTree = "<group>"; };
		F899A18E29411E87007682BD /* Likes.swift */ = {isa = PBXFileReference; lastKnownFileType = sourcecode.swift; path = Likes.swift; sourceTree = "<group>"; };
		F899A19029411EA1007682BD /* Comments.swift */ = {isa = PBXFileReference; lastKnownFileType = sourcecode.swift; path = Comments.swift; sourceTree = "<group>"; };
		F899A19229411EAF007682BD /* Reposts.swift */ = {isa = PBXFileReference; lastKnownFileType = sourcecode.swift; path = Reposts.swift; sourceTree = "<group>"; };
		F899A19429411EBC007682BD /* Views.swift */ = {isa = PBXFileReference; lastKnownFileType = sourcecode.swift; path = Views.swift; sourceTree = "<group>"; };
		F899A1BB29424BF0007682BD /* AsyncOperation.swift */ = {isa = PBXFileReference; lastKnownFileType = sourcecode.swift; path = AsyncOperation.swift; sourceTree = "<group>"; };
		F899A1BD29424C9C007682BD /* GetGroupsDataOperation.swift */ = {isa = PBXFileReference; lastKnownFileType = sourcecode.swift; path = GetGroupsDataOperation.swift; sourceTree = "<group>"; };
		F899A1BF29424D42007682BD /* ParsingGroupsData.swift */ = {isa = PBXFileReference; lastKnownFileType = sourcecode.swift; path = ParsingGroupsData.swift; sourceTree = "<group>"; };
		F899A1C129425070007682BD /* SaveGroupsDataOperation.swift */ = {isa = PBXFileReference; lastKnownFileType = sourcecode.swift; path = SaveGroupsDataOperation.swift; sourceTree = "<group>"; };
		F899A1C929428D30007682BD /* PromiseService.swift */ = {isa = PBXFileReference; lastKnownFileType = sourcecode.swift; path = PromiseService.swift; sourceTree = "<group>"; };
		F899A1F32944CC5C007682BD /* ImageService.swift */ = {isa = PBXFileReference; lastKnownFileType = sourcecode.swift; path = ImageService.swift; sourceTree = "<group>"; };
		F899A1F52944CE16007682BD /* DataReloadable.swift */ = {isa = PBXFileReference; lastKnownFileType = sourcecode.swift; path = DataReloadable.swift; sourceTree = "<group>"; };
		F8B01E33293F54F400988685 /* TextPostCell.swift */ = {isa = PBXFileReference; lastKnownFileType = sourcecode.swift; path = TextPostCell.swift; sourceTree = "<group>"; };
		F8B01E34293F54F400988685 /* TextPostCell.xib */ = {isa = PBXFileReference; lastKnownFileType = file.xib; path = TextPostCell.xib; sourceTree = "<group>"; };
		F8B01E37293F551700988685 /* ImagePostCell.swift */ = {isa = PBXFileReference; lastKnownFileType = sourcecode.swift; path = ImagePostCell.swift; sourceTree = "<group>"; };
		F8B01E38293F551700988685 /* ImagePostCell.xib */ = {isa = PBXFileReference; lastKnownFileType = file.xib; path = ImagePostCell.xib; sourceTree = "<group>"; };
		F8E47B952919C9B70014AF31 /* FeedViewController.swift */ = {isa = PBXFileReference; lastKnownFileType = sourcecode.swift; path = FeedViewController.swift; sourceTree = "<group>"; };
		F8E47B982919CAA50014AF31 /* Post.swift */ = {isa = PBXFileReference; lastKnownFileType = sourcecode.swift; path = Post.swift; sourceTree = "<group>"; };
		F8F9C8442937C7FF0026E88C /* VKNetworkServiceProtocol.swift */ = {isa = PBXFileReference; lastKnownFileType = sourcecode.swift; path = VKNetworkServiceProtocol.swift; sourceTree = "<group>"; };
/* End PBXFileReference section */

/* Begin PBXFrameworksBuildPhase section */
		F80EC5122910FFA4007E9437 /* Frameworks */ = {
			isa = PBXFrameworksBuildPhase;
			buildActionMask = 2147483647;
			files = (
				EC5536C5EFAD86B1E8D0368B /* Pods_VKSample.framework in Frameworks */,
			);
			runOnlyForDeploymentPostprocessing = 0;
		};
/* End PBXFrameworksBuildPhase section */

/* Begin PBXGroup section */
		C69841F38DF5BA210136ADA3 /* Frameworks */ = {
			isa = PBXGroup;
			children = (
				AF5AB7158D5F98E7C1917F9A /* Pods_VKSample.framework */,
			);
			name = Frameworks;
			sourceTree = "<group>";
		};
		F58F0DCD5B52478CABF7B538 /* Pods */ = {
			isa = PBXGroup;
			children = (
				C9242A9470B240FDC7FCDD65 /* Pods-VKSample.debug.xcconfig */,
				AAEFEA68BB5A55A6F14636BE /* Pods-VKSample.release.xcconfig */,
			);
			path = Pods;
			sourceTree = "<group>";
		};
		F802733C293128E70022346B /* Friend */ = {
			isa = PBXGroup;
			children = (
				F802733A293128CC0022346B /* Friend.swift */,
			);
			path = Friend;
			sourceTree = "<group>";
		};
		F802733D293129190022346B /* Photo */ = {
			isa = PBXGroup;
			children = (
				F80273402931296B0022346B /* Photo.swift */,
			);
			path = Photo;
			sourceTree = "<group>";
		};
		F8027342293129900022346B /* Group */ = {
			isa = PBXGroup;
			children = (
				F8027345293129B70022346B /* Group.swift */,
			);
			path = Group;
			sourceTree = "<group>";
		};
		F802736E293177E60022346B /* Services */ = {
			isa = PBXGroup;
			children = (
				F899A1F22944CC1A007682BD /* PhotoService */,
				F802736F293177F30022346B /* RealmService */,
				F895E0BE292D5EF9001D4A88 /* NetworkLayer */,
			);
			path = Services;
			sourceTree = "<group>";
		};
		F802736F293177F30022346B /* RealmService */ = {
			isa = PBXGroup;
			children = (
				F8027370293178090022346B /* RealmService.swift */,
			);
			path = RealmService;
			sourceTree = "<group>";
		};
		F80EC50C2910FFA4007E9437 = {
			isa = PBXGroup;
			children = (
				F80EC5172910FFA4007E9437 /* VKSample */,
				F80EC5162910FFA4007E9437 /* Products */,
				F58F0DCD5B52478CABF7B538 /* Pods */,
				C69841F38DF5BA210136ADA3 /* Frameworks */,
			);
			sourceTree = "<group>";
		};
		F80EC5162910FFA4007E9437 /* Products */ = {
			isa = PBXGroup;
			children = (
				F80EC5152910FFA4007E9437 /* VKSample.app */,
			);
			name = Products;
			sourceTree = "<group>";
		};
		F80EC5172910FFA4007E9437 /* VKSample */ = {
			isa = PBXGroup;
			children = (
				F899A1C729428AFA007682BD /* Multithreading */,
				F802736E293177E60022346B /* Services */,
				F895E0BD292D5EE6001D4A88 /* Mocks */,
				F895E0B3292CED10001D4A88 /* Models */,
				F88D6F63291D7F95008B458F /* CustomNavigation */,
				F8490DBE291469800044E9EF /* CustomViews */,
				F82272C92911B5D5003EEB1B /* Extensions */,
				F80EC52E29110245007E9437 /* SupportingFiles */,
				F85569F52911A0380094902A /* Modules */,
				F80EC51E2910FFA4007E9437 /* Main.storyboard */,
				F80EC5212910FFA8007E9437 /* Assets.xcassets */,
				F80EC5232910FFA8007E9437 /* LaunchScreen.storyboard */,
				F80EC5262910FFA8007E9437 /* Info.plist */,
			);
			path = VKSample;
			sourceTree = "<group>";
		};
		F80EC52E29110245007E9437 /* SupportingFiles */ = {
			isa = PBXGroup;
			children = (
				F80EC5182910FFA4007E9437 /* AppDelegate.swift */,
				F80EC51A2910FFA4007E9437 /* SceneDelegate.swift */,
			);
			path = SupportingFiles;
			sourceTree = "<group>";
		};
		F80EC52F291102DE007E9437 /* LoginModule */ = {
			isa = PBXGroup;
			children = (
				F82272CE2911B8BA003EEB1B /* Models */,
				F80EC51C2910FFA4007E9437 /* LoginViewController.swift */,
			);
			path = LoginModule;
			sourceTree = "<group>";
		};
		F82272C92911B5D5003EEB1B /* Extensions */ = {
			isa = PBXGroup;
			children = (
				F82272CA2911B5F3003EEB1B /* UIViewController+Extension.swift */,
				F82272CC2911B6F9003EEB1B /* UITextField+Extension.swift */,
				F899A18C2940D075007682BD /* DateFormatter+Extension.swift */,
				F866A6E52945F4C70041EABE /* PhotoService+Extension.swift */,
			);
			path = Extensions;
			sourceTree = "<group>";
		};
		F82272CE2911B8BA003EEB1B /* Models */ = {
			isa = PBXGroup;
			children = (
				F82272CF2911B8CC003EEB1B /* Verification.swift */,
			);
			path = Models;
			sourceTree = "<group>";
		};
		F82272D12911CA8B003EEB1B /* FriendsModule */ = {
			isa = PBXGroup;
			children = (
				F8490DA3291412A20044E9EF /* Cells */,
				F82272D32911CB0E003EEB1B /* FriendsTableViewController.swift */,
			);
			path = FriendsModule;
			sourceTree = "<group>";
		};
		F82272D22911CA98003EEB1B /* MyGroupsModule */ = {
			isa = PBXGroup;
			children = (
				F8490DB8291439DE0044E9EF /* Cells */,
				F8490DAE29142CC10044E9EF /* MyGroupsTableViewController.swift */,
			);
			path = MyGroupsModule;
			sourceTree = "<group>";
		};
		F8404134293E6F7100C7CF46 /* Header */ = {
			isa = PBXGroup;
			children = (
				F8404136293E6F9E00C7CF46 /* PostHeaderCell.swift */,
				F8404137293E6F9E00C7CF46 /* PostHeaderCell.xib */,
			);
			path = Header;
			sourceTree = "<group>";
		};
		F8404135293E6F7A00C7CF46 /* Footer */ = {
			isa = PBXGroup;
			children = (
				F840413A293E6FB600C7CF46 /* PostFooterCell.swift */,
				F840413B293E6FB600C7CF46 /* PostFooterCell.xib */,
			);
			path = Footer;
			sourceTree = "<group>";
		};
		F8490DA3291412A20044E9EF /* Cells */ = {
			isa = PBXGroup;
			children = (
				F8490DA4291412C10044E9EF /* FriendTableViewCell.swift */,
			);
			path = Cells;
			sourceTree = "<group>";
		};
		F8490DA7291418200044E9EF /* FriendPhotosGalleryModule */ = {
			isa = PBXGroup;
			children = (
				F8490DAB29141B310044E9EF /* Cells */,
				F8490DA92914197E0044E9EF /* PhotosGalleryCollectionViewController.swift */,
			);
			path = FriendPhotosGalleryModule;
			sourceTree = "<group>";
		};
		F8490DA8291418440044E9EF /* GroupsModule */ = {
			isa = PBXGroup;
			children = (
				F8490DB3291432380044E9EF /* Cells */,
				F82272D52911DB37003EEB1B /* GroupsTableViewController.swift */,
			);
			path = GroupsModule;
			sourceTree = "<group>";
		};
		F8490DAB29141B310044E9EF /* Cells */ = {
			isa = PBXGroup;
			children = (
				F8490DAC29141B550044E9EF /* FriendPhotoGalleryCollectionViewCell.swift */,
			);
			path = Cells;
			sourceTree = "<group>";
		};
		F8490DB3291432380044E9EF /* Cells */ = {
			isa = PBXGroup;
			children = (
				F8490DB4291432600044E9EF /* GroupTableViewCell.swift */,
			);
			path = Cells;
			sourceTree = "<group>";
		};
		F8490DB8291439DE0044E9EF /* Cells */ = {
			isa = PBXGroup;
			children = (
				F8490DB9291439EE0044E9EF /* MyGroupTableViewCell.swift */,
			);
			path = Cells;
			sourceTree = "<group>";
		};
		F8490DBE291469800044E9EF /* CustomViews */ = {
			isa = PBXGroup;
			children = (
				F8490DBC29145EBF0044E9EF /* ShadowAvatarView.swift */,
				F8490DBF2914699D0044E9EF /* LikeControlView.swift */,
			);
			path = CustomViews;
			sourceTree = "<group>";
		};
		F85569F52911A0380094902A /* Modules */ = {
			isa = PBXGroup;
			children = (
				F895E0BA292D5236001D4A88 /* AuthorizationVKModule */,
				F88D6F22291CE3EF008B458F /* SwipeUserPhotosModule */,
				F8E47B932919C9750014AF31 /* FeedModule */,
				F8490DA8291418440044E9EF /* GroupsModule */,
				F8490DA7291418200044E9EF /* FriendPhotosGalleryModule */,
				F82272D22911CA98003EEB1B /* MyGroupsModule */,
				F82272D12911CA8B003EEB1B /* FriendsModule */,
				F80EC52F291102DE007E9437 /* LoginModule */,
			);
			path = Modules;
			sourceTree = "<group>";
		};
		F866A6E7294615750041EABE /* Protocols */ = {
			isa = PBXGroup;
			children = (
				F899A1F52944CE16007682BD /* DataReloadable.swift */,
			);
			path = Protocols;
			sourceTree = "<group>";
		};
		F880502D293F97A800D90DAA /* News */ = {
			isa = PBXGroup;
			children = (
				F880502E293F97B400D90DAA /* News.swift */,
				F899A18E29411E87007682BD /* Likes.swift */,
				F899A19029411EA1007682BD /* Comments.swift */,
				F899A19229411EAF007682BD /* Reposts.swift */,
				F899A19429411EBC007682BD /* Views.swift */,
			);
			path = News;
			sourceTree = "<group>";
		};
		F88D6F22291CE3EF008B458F /* SwipeUserPhotosModule */ = {
			isa = PBXGroup;
			children = (
				F88D6F23291CE44B008B458F /* SwipeUserPhotosViewController.swift */,
			);
			path = SwipeUserPhotosModule;
			sourceTree = "<group>";
		};
		F88D6F63291D7F95008B458F /* CustomNavigation */ = {
			isa = PBXGroup;
			children = (
				F88D6F64291D7FD0008B458F /* MainNavigationController.swift */,
				F88D6F66291D80A2008B458F /* PushTransitionAnimator.swift */,
				F88D6F68291D8433008B458F /* PopTransitionAnimator.swift */,
				F88D6F6A291D84DD008B458F /* InteractiveTransition.swift */,
			);
			path = CustomNavigation;
			sourceTree = "<group>";
		};
		F895E0B3292CED10001D4A88 /* Models */ = {
			isa = PBXGroup;
			children = (
				F880502D293F97A800D90DAA /* News */,
				F8027342293129900022346B /* Group */,
				F802733D293129190022346B /* Photo */,
				F802733C293128E70022346B /* Friend */,
				F895E0B4292CEDC5001D4A88 /* Session.swift */,
				F802736A293149ED0022346B /* VKResponse.swift */,
				F8805030293F9B7600D90DAA /* VKNewsResponse.swift */,
			);
			path = Models;
			sourceTree = "<group>";
		};
		F895E0BA292D5236001D4A88 /* AuthorizationVKModule */ = {
			isa = PBXGroup;
			children = (
				F895E0BB292D528F001D4A88 /* AuthorizationVKViewController.swift */,
			);
			path = AuthorizationVKModule;
			sourceTree = "<group>";
		};
		F895E0BD292D5EE6001D4A88 /* Mocks */ = {
			isa = PBXGroup;
			children = (
				F8E47B982919CAA50014AF31 /* Post.swift */,
				F8490DB129142DA70044E9EF /* Group.swift */,
				F8490DA1291405530044E9EF /* Friend.swift */,
			);
			path = Mocks;
			sourceTree = "<group>";
		};
		F895E0BE292D5EF9001D4A88 /* NetworkLayer */ = {
			isa = PBXGroup;
			children = (
				F895E0CF292E4222001D4A88 /* NetworkService.swift */,
				F895E0BF292D5F26001D4A88 /* VKNetworkService.swift */,
				F802736C2931733C0022346B /* ImageLoader.swift */,
				F8F9C8442937C7FF0026E88C /* VKNetworkServiceProtocol.swift */,
			);
			path = NetworkLayer;
			sourceTree = "<group>";
		};
		F899A1BA29424BDF007682BD /* Operation */ = {
			isa = PBXGroup;
			children = (
				F899A1BB29424BF0007682BD /* AsyncOperation.swift */,
				F899A1BD29424C9C007682BD /* GetGroupsDataOperation.swift */,
				F899A1BF29424D42007682BD /* ParsingGroupsData.swift */,
				F899A1C129425070007682BD /* SaveGroupsDataOperation.swift */,
			);
			path = Operation;
			sourceTree = "<group>";
		};
		F899A1C729428AFA007682BD /* Multithreading */ = {
			isa = PBXGroup;
			children = (
				F899A1C829428B85007682BD /* Promise */,
				F899A1BA29424BDF007682BD /* Operation */,
			);
			path = Multithreading;
			sourceTree = "<group>";
		};
		F899A1C829428B85007682BD /* Promise */ = {
			isa = PBXGroup;
			children = (
				F899A1C929428D30007682BD /* PromiseService.swift */,
			);
			path = Promise;
			sourceTree = "<group>";
		};
		F899A1F22944CC1A007682BD /* PhotoService */ = {
			isa = PBXGroup;
			children = (
				F866A6E7294615750041EABE /* Protocols */,
				F899A1F32944CC5C007682BD /* ImageService.swift */,
			);
			path = PhotoService;
			sourceTree = "<group>";
		};
		F8B01E31293F548F00988685 /* TextPost */ = {
			isa = PBXGroup;
			children = (
				F8B01E33293F54F400988685 /* TextPostCell.swift */,
				F8B01E34293F54F400988685 /* TextPostCell.xib */,
			);
			path = TextPost;
			sourceTree = "<group>";
		};
		F8B01E32293F549A00988685 /* ImagePost */ = {
			isa = PBXGroup;
			children = (
				F8B01E37293F551700988685 /* ImagePostCell.swift */,
				F8B01E38293F551700988685 /* ImagePostCell.xib */,
			);
			path = ImagePost;
			sourceTree = "<group>";
		};
		F8E47B932919C9750014AF31 /* FeedModule */ = {
			isa = PBXGroup;
			children = (
				F8E47B942919C9980014AF31 /* Cells */,
				F8E47B952919C9B70014AF31 /* FeedViewController.swift */,
			);
			path = FeedModule;
			sourceTree = "<group>";
		};
		F8E47B942919C9980014AF31 /* Cells */ = {
			isa = PBXGroup;
			children = (
				F8B01E32293F549A00988685 /* ImagePost */,
				F8B01E31293F548F00988685 /* TextPost */,
				F8404135293E6F7A00C7CF46 /* Footer */,
				F8404134293E6F7100C7CF46 /* Header */,
			);
			path = Cells;
			sourceTree = "<group>";
		};
/* End PBXGroup section */

/* Begin PBXNativeTarget section */
		F80EC5142910FFA4007E9437 /* VKSample */ = {
			isa = PBXNativeTarget;
			buildConfigurationList = F80EC5292910FFA8007E9437 /* Build configuration list for PBXNativeTarget "VKSample" */;
			buildPhases = (
				D79F0C79D786CE210D0831FA /* [CP] Check Pods Manifest.lock */,
				F80EC5112910FFA4007E9437 /* Sources */,
				F80EC5122910FFA4007E9437 /* Frameworks */,
				F80EC5132910FFA4007E9437 /* Resources */,
				F80EC52C29110151007E9437 /* Swiftformat */,
				F80EC52D2911017C007E9437 /* Swiftlint */,
				6BBC2ECDC562C57580BEA098 /* [CP] Embed Pods Frameworks */,
			);
			buildRules = (
			);
			dependencies = (
			);
			name = VKSample;
			productName = VKSample;
			productReference = F80EC5152910FFA4007E9437 /* VKSample.app */;
			productType = "com.apple.product-type.application";
		};
/* End PBXNativeTarget section */

/* Begin PBXProject section */
		F80EC50D2910FFA4007E9437 /* Project object */ = {
			isa = PBXProject;
			attributes = {
				BuildIndependentTargetsInParallel = 1;
				LastSwiftUpdateCheck = 1400;
				LastUpgradeCheck = 1400;
				TargetAttributes = {
					F80EC5142910FFA4007E9437 = {
						CreatedOnToolsVersion = 14.0.1;
					};
				};
			};
			buildConfigurationList = F80EC5102910FFA4007E9437 /* Build configuration list for PBXProject "VKSample" */;
			compatibilityVersion = "Xcode 14.0";
			developmentRegion = en;
			hasScannedForEncodings = 0;
			knownRegions = (
				en,
				Base,
			);
			mainGroup = F80EC50C2910FFA4007E9437;
			productRefGroup = F80EC5162910FFA4007E9437 /* Products */;
			projectDirPath = "";
			projectRoot = "";
			targets = (
				F80EC5142910FFA4007E9437 /* VKSample */,
			);
		};
/* End PBXProject section */

/* Begin PBXResourcesBuildPhase section */
		F80EC5132910FFA4007E9437 /* Resources */ = {
			isa = PBXResourcesBuildPhase;
			buildActionMask = 2147483647;
			files = (
				F8404139293E6F9E00C7CF46 /* PostHeaderCell.xib in Resources */,
				F80EC5252910FFA8007E9437 /* LaunchScreen.storyboard in Resources */,
				F80EC5222910FFA8007E9437 /* Assets.xcassets in Resources */,
				F840413D293E6FB600C7CF46 /* PostFooterCell.xib in Resources */,
				F8B01E36293F54F400988685 /* TextPostCell.xib in Resources */,
				F8B01E3A293F551700988685 /* ImagePostCell.xib in Resources */,
				F80EC5202910FFA4007E9437 /* Main.storyboard in Resources */,
			);
			runOnlyForDeploymentPostprocessing = 0;
		};
/* End PBXResourcesBuildPhase section */

/* Begin PBXShellScriptBuildPhase section */
		6BBC2ECDC562C57580BEA098 /* [CP] Embed Pods Frameworks */ = {
			isa = PBXShellScriptBuildPhase;
			buildActionMask = 2147483647;
			files = (
			);
			inputFileListPaths = (
				"${PODS_ROOT}/Target Support Files/Pods-VKSample/Pods-VKSample-frameworks-${CONFIGURATION}-input-files.xcfilelist",
			);
			name = "[CP] Embed Pods Frameworks";
			outputFileListPaths = (
				"${PODS_ROOT}/Target Support Files/Pods-VKSample/Pods-VKSample-frameworks-${CONFIGURATION}-output-files.xcfilelist",
			);
			runOnlyForDeploymentPostprocessing = 0;
			shellPath = /bin/sh;
			shellScript = "\"${PODS_ROOT}/Target Support Files/Pods-VKSample/Pods-VKSample-frameworks.sh\"\n";
			showEnvVarsInLog = 0;
		};
		D79F0C79D786CE210D0831FA /* [CP] Check Pods Manifest.lock */ = {
			isa = PBXShellScriptBuildPhase;
			buildActionMask = 2147483647;
			files = (
			);
			inputFileListPaths = (
			);
			inputPaths = (
				"${PODS_PODFILE_DIR_PATH}/Podfile.lock",
				"${PODS_ROOT}/Manifest.lock",
			);
			name = "[CP] Check Pods Manifest.lock";
			outputFileListPaths = (
			);
			outputPaths = (
				"$(DERIVED_FILE_DIR)/Pods-VKSample-checkManifestLockResult.txt",
			);
			runOnlyForDeploymentPostprocessing = 0;
			shellPath = /bin/sh;
			shellScript = "diff \"${PODS_PODFILE_DIR_PATH}/Podfile.lock\" \"${PODS_ROOT}/Manifest.lock\" > /dev/null\nif [ $? != 0 ] ; then\n    # print error to STDERR\n    echo \"error: The sandbox is not in sync with the Podfile.lock. Run 'pod install' or update your CocoaPods installation.\" >&2\n    exit 1\nfi\n# This output is used by Xcode 'outputs' to avoid re-running this script phase.\necho \"SUCCESS\" > \"${SCRIPT_OUTPUT_FILE_0}\"\n";
			showEnvVarsInLog = 0;
		};
		F80EC52C29110151007E9437 /* Swiftformat */ = {
			isa = PBXShellScriptBuildPhase;
			alwaysOutOfDate = 1;
			buildActionMask = 2147483647;
			files = (
			);
			inputFileListPaths = (
			);
			inputPaths = (
			);
			name = Swiftformat;
			outputFileListPaths = (
			);
			outputPaths = (
			);
			runOnlyForDeploymentPostprocessing = 0;
			shellPath = /bin/sh;
			shellScript = "export PATH=\"$PATH:/opt/homebrew/bin\"\nif which swiftformat >/dev/null; then\n  swiftformat .\nelse\n  echo \"warning: SwiftFormat not installed, download from https://github.com/nicklockwood/SwiftFormat\"\nfi\n\n";
		};
		F80EC52D2911017C007E9437 /* Swiftlint */ = {
			isa = PBXShellScriptBuildPhase;
			alwaysOutOfDate = 1;
			buildActionMask = 2147483647;
			files = (
			);
			inputFileListPaths = (
			);
			inputPaths = (
			);
			name = Swiftlint;
			outputFileListPaths = (
			);
			outputPaths = (
			);
			runOnlyForDeploymentPostprocessing = 0;
			shellPath = /bin/sh;
			shellScript = "export PATH=\"$PATH:/opt/homebrew/bin\"\nif which swiftlint > /dev/null; then\n  swiftlint\nelse\n  echo \"warning: SwiftLint not installed, download from https://github.com/realm/SwiftLint\"\nfi\n\n";
		};
/* End PBXShellScriptBuildPhase section */

/* Begin PBXSourcesBuildPhase section */
		F80EC5112910FFA4007E9437 /* Sources */ = {
			isa = PBXSourcesBuildPhase;
			buildActionMask = 2147483647;
			files = (
				F8B01E35293F54F400988685 /* TextPostCell.swift in Sources */,
				F895E0B5292CEDC5001D4A88 /* Session.swift in Sources */,
				F82272D02911B8CC003EEB1B /* Verification.swift in Sources */,
				F8027371293178090022346B /* RealmService.swift in Sources */,
				F8805031293F9B7600D90DAA /* VKNewsResponse.swift in Sources */,
				F82272D62911DB37003EEB1B /* GroupsTableViewController.swift in Sources */,
				F899A1BE29424C9C007682BD /* GetGroupsDataOperation.swift in Sources */,
				F840413C293E6FB600C7CF46 /* PostFooterCell.swift in Sources */,
				F8404138293E6F9E00C7CF46 /* PostHeaderCell.swift in Sources */,
				F899A19529411EBC007682BD /* Views.swift in Sources */,
				F88D6F6B291D84DD008B458F /* InteractiveTransition.swift in Sources */,
				F88D6F67291D80A2008B458F /* PushTransitionAnimator.swift in Sources */,
				F8490DAD29141B550044E9EF /* FriendPhotoGalleryCollectionViewCell.swift in Sources */,
				F8490DAA2914197E0044E9EF /* PhotosGalleryCollectionViewController.swift in Sources */,
				F899A1F42944CC5C007682BD /* ImageService.swift in Sources */,
				F8E47B962919C9B70014AF31 /* FeedViewController.swift in Sources */,
				F866A6E62945F4C70041EABE /* PhotoService+Extension.swift in Sources */,
				F82272CD2911B6F9003EEB1B /* UITextField+Extension.swift in Sources */,
				F88D6F69291D8433008B458F /* PopTransitionAnimator.swift in Sources */,
				F899A19129411EA1007682BD /* Comments.swift in Sources */,
				F899A19329411EAF007682BD /* Reposts.swift in Sources */,
				F8027346293129B70022346B /* Group.swift in Sources */,
				F82272CB2911B5F3003EEB1B /* UIViewController+Extension.swift in Sources */,
				F80EC51D2910FFA4007E9437 /* LoginViewController.swift in Sources */,
				F8490DBD29145EBF0044E9EF /* ShadowAvatarView.swift in Sources */,
				F80BDBB5293FF59D009E2ED5 /* Post.swift in Sources */,
				F895E0C0292D5F26001D4A88 /* VKNetworkService.swift in Sources */,
				F88D6F24291CE44B008B458F /* SwipeUserPhotosViewController.swift in Sources */,
				F899A1C029424D42007682BD /* ParsingGroupsData.swift in Sources */,
				F899A1CA29428D30007682BD /* PromiseService.swift in Sources */,
				F80EC5192910FFA4007E9437 /* AppDelegate.swift in Sources */,
				F8F9C8452937C7FF0026E88C /* VKNetworkServiceProtocol.swift in Sources */,
				F8B01E39293F551700988685 /* ImagePostCell.swift in Sources */,
				F880502F293F97B400D90DAA /* News.swift in Sources */,
				F88D6F65291D7FD0008B458F /* MainNavigationController.swift in Sources */,
				F80273412931296B0022346B /* Photo.swift in Sources */,
				F8490DB5291432600044E9EF /* GroupTableViewCell.swift in Sources */,
				F8490DA5291412C10044E9EF /* FriendTableViewCell.swift in Sources */,
				F802733B293128CC0022346B /* Friend.swift in Sources */,
				F899A1BC29424BF0007682BD /* AsyncOperation.swift in Sources */,
				F899A18D2940D075007682BD /* DateFormatter+Extension.swift in Sources */,
				F899A1F62944CE16007682BD /* DataReloadable.swift in Sources */,
				F802736B293149ED0022346B /* VKResponse.swift in Sources */,
				F8490DBA291439EE0044E9EF /* MyGroupTableViewCell.swift in Sources */,
				F899A18F29411E87007682BD /* Likes.swift in Sources */,
				F8490DC02914699D0044E9EF /* LikeControlView.swift in Sources */,
				F82272D42911CB0E003EEB1B /* FriendsTableViewController.swift in Sources */,
				F899A1C229425070007682BD /* SaveGroupsDataOperation.swift in Sources */,
				F802736D2931733C0022346B /* ImageLoader.swift in Sources */,
				F895E0BC292D528F001D4A88 /* AuthorizationVKViewController.swift in Sources */,
				F8490DAF29142CC10044E9EF /* MyGroupsTableViewController.swift in Sources */,
				F80EC51B2910FFA4007E9437 /* SceneDelegate.swift in Sources */,
				F895E0D0292E4222001D4A88 /* NetworkService.swift in Sources */,
			);
			runOnlyForDeploymentPostprocessing = 0;
		};
/* End PBXSourcesBuildPhase section */

/* Begin PBXVariantGroup section */
		F80EC51E2910FFA4007E9437 /* Main.storyboard */ = {
			isa = PBXVariantGroup;
			children = (
				F80EC51F2910FFA4007E9437 /* Base */,
			);
			name = Main.storyboard;
			sourceTree = "<group>";
		};
		F80EC5232910FFA8007E9437 /* LaunchScreen.storyboard */ = {
			isa = PBXVariantGroup;
			children = (
				F80EC5242910FFA8007E9437 /* Base */,
			);
			name = LaunchScreen.storyboard;
			sourceTree = "<group>";
		};
/* End PBXVariantGroup section */

/* Begin XCBuildConfiguration section */
		F80EC5272910FFA8007E9437 /* Debug */ = {
			isa = XCBuildConfiguration;
			buildSettings = {
				ALWAYS_SEARCH_USER_PATHS = NO;
				CLANG_ANALYZER_NONNULL = YES;
				CLANG_ANALYZER_NUMBER_OBJECT_CONVERSION = YES_AGGRESSIVE;
				CLANG_CXX_LANGUAGE_STANDARD = "gnu++20";
				CLANG_ENABLE_MODULES = YES;
				CLANG_ENABLE_OBJC_ARC = YES;
				CLANG_ENABLE_OBJC_WEAK = YES;
				CLANG_WARN_BLOCK_CAPTURE_AUTORELEASING = YES;
				CLANG_WARN_BOOL_CONVERSION = YES;
				CLANG_WARN_COMMA = YES;
				CLANG_WARN_CONSTANT_CONVERSION = YES;
				CLANG_WARN_DEPRECATED_OBJC_IMPLEMENTATIONS = YES;
				CLANG_WARN_DIRECT_OBJC_ISA_USAGE = YES_ERROR;
				CLANG_WARN_DOCUMENTATION_COMMENTS = YES;
				CLANG_WARN_EMPTY_BODY = YES;
				CLANG_WARN_ENUM_CONVERSION = YES;
				CLANG_WARN_INFINITE_RECURSION = YES;
				CLANG_WARN_INT_CONVERSION = YES;
				CLANG_WARN_NON_LITERAL_NULL_CONVERSION = YES;
				CLANG_WARN_OBJC_IMPLICIT_RETAIN_SELF = YES;
				CLANG_WARN_OBJC_LITERAL_CONVERSION = YES;
				CLANG_WARN_OBJC_ROOT_CLASS = YES_ERROR;
				CLANG_WARN_QUOTED_INCLUDE_IN_FRAMEWORK_HEADER = YES;
				CLANG_WARN_RANGE_LOOP_ANALYSIS = YES;
				CLANG_WARN_STRICT_PROTOTYPES = YES;
				CLANG_WARN_SUSPICIOUS_MOVE = YES;
				CLANG_WARN_UNGUARDED_AVAILABILITY = YES_AGGRESSIVE;
				CLANG_WARN_UNREACHABLE_CODE = YES;
				CLANG_WARN__DUPLICATE_METHOD_MATCH = YES;
				COPY_PHASE_STRIP = NO;
				DEBUG_INFORMATION_FORMAT = dwarf;
				ENABLE_STRICT_OBJC_MSGSEND = YES;
				ENABLE_TESTABILITY = YES;
				GCC_C_LANGUAGE_STANDARD = gnu11;
				GCC_DYNAMIC_NO_PIC = NO;
				GCC_NO_COMMON_BLOCKS = YES;
				GCC_OPTIMIZATION_LEVEL = 0;
				GCC_PREPROCESSOR_DEFINITIONS = (
					"DEBUG=1",
					"$(inherited)",
				);
				GCC_WARN_64_TO_32_BIT_CONVERSION = YES;
				GCC_WARN_ABOUT_RETURN_TYPE = YES_ERROR;
				GCC_WARN_UNDECLARED_SELECTOR = YES;
				GCC_WARN_UNINITIALIZED_AUTOS = YES_AGGRESSIVE;
				GCC_WARN_UNUSED_FUNCTION = YES;
				GCC_WARN_UNUSED_VARIABLE = YES;
				IPHONEOS_DEPLOYMENT_TARGET = 16.0;
				MTL_ENABLE_DEBUG_INFO = INCLUDE_SOURCE;
				MTL_FAST_MATH = YES;
				ONLY_ACTIVE_ARCH = YES;
				SDKROOT = iphoneos;
				SWIFT_ACTIVE_COMPILATION_CONDITIONS = DEBUG;
				SWIFT_OPTIMIZATION_LEVEL = "-Onone";
			};
			name = Debug;
		};
		F80EC5282910FFA8007E9437 /* Release */ = {
			isa = XCBuildConfiguration;
			buildSettings = {
				ALWAYS_SEARCH_USER_PATHS = NO;
				CLANG_ANALYZER_NONNULL = YES;
				CLANG_ANALYZER_NUMBER_OBJECT_CONVERSION = YES_AGGRESSIVE;
				CLANG_CXX_LANGUAGE_STANDARD = "gnu++20";
				CLANG_ENABLE_MODULES = YES;
				CLANG_ENABLE_OBJC_ARC = YES;
				CLANG_ENABLE_OBJC_WEAK = YES;
				CLANG_WARN_BLOCK_CAPTURE_AUTORELEASING = YES;
				CLANG_WARN_BOOL_CONVERSION = YES;
				CLANG_WARN_COMMA = YES;
				CLANG_WARN_CONSTANT_CONVERSION = YES;
				CLANG_WARN_DEPRECATED_OBJC_IMPLEMENTATIONS = YES;
				CLANG_WARN_DIRECT_OBJC_ISA_USAGE = YES_ERROR;
				CLANG_WARN_DOCUMENTATION_COMMENTS = YES;
				CLANG_WARN_EMPTY_BODY = YES;
				CLANG_WARN_ENUM_CONVERSION = YES;
				CLANG_WARN_INFINITE_RECURSION = YES;
				CLANG_WARN_INT_CONVERSION = YES;
				CLANG_WARN_NON_LITERAL_NULL_CONVERSION = YES;
				CLANG_WARN_OBJC_IMPLICIT_RETAIN_SELF = YES;
				CLANG_WARN_OBJC_LITERAL_CONVERSION = YES;
				CLANG_WARN_OBJC_ROOT_CLASS = YES_ERROR;
				CLANG_WARN_QUOTED_INCLUDE_IN_FRAMEWORK_HEADER = YES;
				CLANG_WARN_RANGE_LOOP_ANALYSIS = YES;
				CLANG_WARN_STRICT_PROTOTYPES = YES;
				CLANG_WARN_SUSPICIOUS_MOVE = YES;
				CLANG_WARN_UNGUARDED_AVAILABILITY = YES_AGGRESSIVE;
				CLANG_WARN_UNREACHABLE_CODE = YES;
				CLANG_WARN__DUPLICATE_METHOD_MATCH = YES;
				COPY_PHASE_STRIP = NO;
				DEBUG_INFORMATION_FORMAT = "dwarf-with-dsym";
				ENABLE_NS_ASSERTIONS = NO;
				ENABLE_STRICT_OBJC_MSGSEND = YES;
				GCC_C_LANGUAGE_STANDARD = gnu11;
				GCC_NO_COMMON_BLOCKS = YES;
				GCC_WARN_64_TO_32_BIT_CONVERSION = YES;
				GCC_WARN_ABOUT_RETURN_TYPE = YES_ERROR;
				GCC_WARN_UNDECLARED_SELECTOR = YES;
				GCC_WARN_UNINITIALIZED_AUTOS = YES_AGGRESSIVE;
				GCC_WARN_UNUSED_FUNCTION = YES;
				GCC_WARN_UNUSED_VARIABLE = YES;
				IPHONEOS_DEPLOYMENT_TARGET = 16.0;
				MTL_ENABLE_DEBUG_INFO = NO;
				MTL_FAST_MATH = YES;
				SDKROOT = iphoneos;
				SWIFT_COMPILATION_MODE = wholemodule;
				SWIFT_OPTIMIZATION_LEVEL = "-O";
				VALIDATE_PRODUCT = YES;
			};
			name = Release;
		};
		F80EC52A2910FFA8007E9437 /* Debug */ = {
			isa = XCBuildConfiguration;
			baseConfigurationReference = C9242A9470B240FDC7FCDD65 /* Pods-VKSample.debug.xcconfig */;
			buildSettings = {
				ASSETCATALOG_COMPILER_APPICON_NAME = AppIcon;
				ASSETCATALOG_COMPILER_GLOBAL_ACCENT_COLOR_NAME = AccentColor;
				CODE_SIGN_STYLE = Automatic;
				CURRENT_PROJECT_VERSION = 1;
				DEVELOPMENT_TEAM = 23LWN74XLQ;
				GENERATE_INFOPLIST_FILE = YES;
				INFOPLIST_FILE = VKSample/Info.plist;
				INFOPLIST_KEY_UIApplicationSupportsIndirectInputEvents = YES;
				INFOPLIST_KEY_UILaunchStoryboardName = LaunchScreen;
				INFOPLIST_KEY_UIMainStoryboardFile = Main;
				INFOPLIST_KEY_UISupportedInterfaceOrientations_iPad = "UIInterfaceOrientationPortrait UIInterfaceOrientationPortraitUpsideDown UIInterfaceOrientationLandscapeLeft UIInterfaceOrientationLandscapeRight";
				INFOPLIST_KEY_UISupportedInterfaceOrientations_iPhone = "UIInterfaceOrientationPortrait UIInterfaceOrientationLandscapeLeft UIInterfaceOrientationLandscapeRight";
				LD_RUNPATH_SEARCH_PATHS = (
					"$(inherited)",
					"@executable_path/Frameworks",
				);
				MARKETING_VERSION = 1.0;
				PRODUCT_BUNDLE_IDENTIFIER = aleksandr.dorofeev.VKSample;
				PRODUCT_NAME = "$(TARGET_NAME)";
				SWIFT_EMIT_LOC_STRINGS = YES;
				SWIFT_VERSION = 5.0;
				TARGETED_DEVICE_FAMILY = "1,2";
			};
			name = Debug;
		};
		F80EC52B2910FFA8007E9437 /* Release */ = {
			isa = XCBuildConfiguration;
			baseConfigurationReference = AAEFEA68BB5A55A6F14636BE /* Pods-VKSample.release.xcconfig */;
			buildSettings = {
				ASSETCATALOG_COMPILER_APPICON_NAME = AppIcon;
				ASSETCATALOG_COMPILER_GLOBAL_ACCENT_COLOR_NAME = AccentColor;
				CODE_SIGN_STYLE = Automatic;
				CURRENT_PROJECT_VERSION = 1;
				DEVELOPMENT_TEAM = 23LWN74XLQ;
				GENERATE_INFOPLIST_FILE = YES;
				INFOPLIST_FILE = VKSample/Info.plist;
				INFOPLIST_KEY_UIApplicationSupportsIndirectInputEvents = YES;
				INFOPLIST_KEY_UILaunchStoryboardName = LaunchScreen;
				INFOPLIST_KEY_UIMainStoryboardFile = Main;
				INFOPLIST_KEY_UISupportedInterfaceOrientations_iPad = "UIInterfaceOrientationPortrait UIInterfaceOrientationPortraitUpsideDown UIInterfaceOrientationLandscapeLeft UIInterfaceOrientationLandscapeRight";
				INFOPLIST_KEY_UISupportedInterfaceOrientations_iPhone = "UIInterfaceOrientationPortrait UIInterfaceOrientationLandscapeLeft UIInterfaceOrientationLandscapeRight";
				LD_RUNPATH_SEARCH_PATHS = (
					"$(inherited)",
					"@executable_path/Frameworks",
				);
				MARKETING_VERSION = 1.0;
				PRODUCT_BUNDLE_IDENTIFIER = aleksandr.dorofeev.VKSample;
				PRODUCT_NAME = "$(TARGET_NAME)";
				SWIFT_EMIT_LOC_STRINGS = YES;
				SWIFT_VERSION = 5.0;
				TARGETED_DEVICE_FAMILY = "1,2";
			};
			name = Release;
		};
/* End XCBuildConfiguration section */

/* Begin XCConfigurationList section */
		F80EC5102910FFA4007E9437 /* Build configuration list for PBXProject "VKSample" */ = {
			isa = XCConfigurationList;
			buildConfigurations = (
				F80EC5272910FFA8007E9437 /* Debug */,
				F80EC5282910FFA8007E9437 /* Release */,
			);
			defaultConfigurationIsVisible = 0;
			defaultConfigurationName = Release;
		};
		F80EC5292910FFA8007E9437 /* Build configuration list for PBXNativeTarget "VKSample" */ = {
			isa = XCConfigurationList;
			buildConfigurations = (
				F80EC52A2910FFA8007E9437 /* Debug */,
				F80EC52B2910FFA8007E9437 /* Release */,
			);
			defaultConfigurationIsVisible = 0;
			defaultConfigurationName = Release;
		};
/* End XCConfigurationList section */
	};
	rootObject = F80EC50D2910FFA4007E9437 /* Project object */;
}
